
Microsoft Visual Studio Solution File, Format Version 12.00
# Visual Studio Version 16
VisualStudioVersion = 16.0.30406.217
MinimumVisualStudioVersion = 10.0.40219.1
Project("{FAE04EC0-301F-11D3-BF4B-00C04F79EFBC}") = "StoreManagement", "StoreManagement\StoreManagement.csproj", "{AE930789-4504-43C6-BF38-E87492E5D4AD}"
EndProject
Global
	GlobalSection(SolutionConfigurationPlatforms) = preSolution
		Debug|Any CPU = Debug|Any CPU
		Release|Any CPU = Release|Any CPU
	EndGlobalSection
	GlobalSection(ProjectConfigurationPlatforms) = postSolution
		{AE930789-4504-43C6-BF38-E87492E5D4AD}.Debug|Any CPU.ActiveCfg = Debug|Any CPU
		{AE930789-4504-43C6-BF38-E87492E5D4AD}.Debug|Any CPU.Build.0 = Debug|Any CPU
		{AE930789-4504-43C6-BF38-E87492E5D4AD}.Release|Any CPU.ActiveCfg = Release|Any CPU
		{AE930789-4504-43C6-BF38-E87492E5D4AD}.Release|Any CPU.Build.0 = Release|Any CPU
	EndGlobalSection
	GlobalSection(SolutionProperties) = preSolution
		HideSolutionNode = FALSE
	EndGlobalSection
	GlobalSection(ExtensibilityGlobals) = postSolution
		SolutionGuid = {98ECECEB-B081-4E13-A6EE-E56BE063B643}
	EndGlobalSection
EndGlobal
